
Microsoft Visual Studio Solution File, Format Version 12.00
# Visual Studio Version 16
VisualStudioVersion = 16.0.29215.179
MinimumVisualStudioVersion = 10.0.40219.1
Project("{9A19103F-16F7-4668-BE54-9A1E7A4F7556}") = "RingBuffer", "RingBuffer\RingBuffer.csproj", "{7ED59643-5E7C-4DF9-A936-FF4385765501}"
EndProject
Project("{9A19103F-16F7-4668-BE54-9A1E7A4F7556}") = "Tests", "Tests\Tests.csproj", "{F2E484BF-B198-465E-A8A0-215B2083410F}"
EndProject
Global
	GlobalSection(SolutionConfigurationPlatforms) = preSolution
		Debug|Any CPU = Debug|Any CPU
		Release|Any CPU = Release|Any CPU
	EndGlobalSection
	GlobalSection(ProjectConfigurationPlatforms) = postSolution
		{7ED59643-5E7C-4DF9-A936-FF4385765501}.Debug|Any CPU.ActiveCfg = Debug|Any CPU
		{7ED59643-5E7C-4DF9-A936-FF4385765501}.Debug|Any CPU.Build.0 = Debug|Any CPU
		{7ED59643-5E7C-4DF9-A936-FF4385765501}.Release|Any CPU.ActiveCfg = Release|Any CPU
		{7ED59643-5E7C-4DF9-A936-FF4385765501}.Release|Any CPU.Build.0 = Release|Any CPU
		{F2E484BF-B198-465E-A8A0-215B2083410F}.Debug|Any CPU.ActiveCfg = Debug|Any CPU
		{F2E484BF-B198-465E-A8A0-215B2083410F}.Debug|Any CPU.Build.0 = Debug|Any CPU
		{F2E484BF-B198-465E-A8A0-215B2083410F}.Release|Any CPU.ActiveCfg = Release|Any CPU
		{F2E484BF-B198-465E-A8A0-215B2083410F}.Release|Any CPU.Build.0 = Release|Any CPU
	EndGlobalSection
	GlobalSection(SolutionProperties) = preSolution
		HideSolutionNode = FALSE
	EndGlobalSection
	GlobalSection(ExtensibilityGlobals) = postSolution
		SolutionGuid = {9893C739-24EF-4073-BB9F-D3959A7A95FF}
	EndGlobalSection
EndGlobal
